
Microsoft Visual Studio Solution File, Format Version 12.00
# Visual Studio Version 17
VisualStudioVersion = 17.0.31903.59
MinimumVisualStudioVersion = 10.0.40219.1
Project("{2150E333-8FDC-42A3-9474-1A3956D46DE8}") = "src", "src", "{1C9ACD4E-0012-49A5-A002-846E83CAC08B}"
EndProject
Project("{FAE04EC0-301F-11D3-BF4B-00C04F79EFBC}") = "HelperApp", "src\HelperApp\HelperApp.csproj", "{B18CD108-A9C8-4F29-A5FC-E1624686A5CD}"
EndProject
Global
	GlobalSection(SolutionConfigurationPlatforms) = preSolution
		Debug|Any CPU = Debug|Any CPU
		Release|Any CPU = Release|Any CPU
	EndGlobalSection
	GlobalSection(ProjectConfigurationPlatforms) = postSolution
		{B18CD108-A9C8-4F29-A5FC-E1624686A5CD}.Debug|Any CPU.ActiveCfg = Debug|Any CPU
		{B18CD108-A9C8-4F29-A5FC-E1624686A5CD}.Debug|Any CPU.Build.0 = Debug|Any CPU
		{B18CD108-A9C8-4F29-A5FC-E1624686A5CD}.Release|Any CPU.ActiveCfg = Release|Any CPU
		{B18CD108-A9C8-4F29-A5FC-E1624686A5CD}.Release|Any CPU.Build.0 = Release|Any CPU
	EndGlobalSection
	GlobalSection(SolutionProperties) = preSolution
		HideSolutionNode = FALSE
	EndGlobalSection
	GlobalSection(NestedProjects) = preSolution
		{B18CD108-A9C8-4F29-A5FC-E1624686A5CD} = {1C9ACD4E-0012-49A5-A002-846E83CAC08B}
	EndGlobalSection
EndGlobal
